
Microsoft Visual Studio Solution File, Format Version 12.00
# Visual Studio Version 17
VisualStudioVersion = 17.1.32210.238
MinimumVisualStudioVersion = 10.0.40219.1
Project("{FAE04EC0-301F-11D3-BF4B-00C04F79EFBC}") = "Tubes1KPL_Kelompok7", "Tubes1KPL_Kelompok7\Tubes1KPL_Kelompok7.csproj", "{1AFF690C-42BD-473A-A0EB-6D59D1AAA75C}"
EndProject
Global
	GlobalSection(SolutionConfigurationPlatforms) = preSolution
		Debug|Any CPU = Debug|Any CPU
		Release|Any CPU = Release|Any CPU
	EndGlobalSection
	GlobalSection(ProjectConfigurationPlatforms) = postSolution
		{1AFF690C-42BD-473A-A0EB-6D59D1AAA75C}.Debug|Any CPU.ActiveCfg = Debug|Any CPU
		{1AFF690C-42BD-473A-A0EB-6D59D1AAA75C}.Debug|Any CPU.Build.0 = Debug|Any CPU
		{1AFF690C-42BD-473A-A0EB-6D59D1AAA75C}.Release|Any CPU.ActiveCfg = Release|Any CPU
		{1AFF690C-42BD-473A-A0EB-6D59D1AAA75C}.Release|Any CPU.Build.0 = Release|Any CPU
	EndGlobalSection
	GlobalSection(SolutionProperties) = preSolution
		HideSolutionNode = FALSE
	EndGlobalSection
	GlobalSection(ExtensibilityGlobals) = postSolution
		SolutionGuid = {1299458C-4662-4D83-B69B-408478E0BCDE}
	EndGlobalSection
EndGlobal
